// !$*UTF8*$!
{
	archiveVersion = 1;
	classes = {
	};
	objectVersion = 50;
	objects = {

/* Begin PBXBuildFile section */
		ADE49E7723A86C7700EBB4C9 /* AppDelegate.swift in Sources */ = {isa = PBXBuildFile; fileRef = ADE49E7623A86C7700EBB4C9 /* AppDelegate.swift */; };
		ADE49E7B23A86C7700EBB4C9 /* ViewController.swift in Sources */ = {isa = PBXBuildFile; fileRef = ADE49E7A23A86C7700EBB4C9 /* ViewController.swift */; };
		ADE49E8023A86C7D00EBB4C9 /* Assets.xcassets in Resources */ = {isa = PBXBuildFile; fileRef = ADE49E7F23A86C7D00EBB4C9 /* Assets.xcassets */; };
		ADE49E8323A86C7D00EBB4C9 /* LaunchScreen.storyboard in Resources */ = {isa = PBXBuildFile; fileRef = ADE49E8123A86C7D00EBB4C9 /* LaunchScreen.storyboard */; };
		ADE49E8B23A86F4400EBB4C9 /* CellInfo.swift in Sources */ = {isa = PBXBuildFile; fileRef = ADE49E8A23A86F4400EBB4C9 /* CellInfo.swift */; };
		ADE49E8D23A874BD00EBB4C9 /* CustomCell.swift in Sources */ = {isa = PBXBuildFile; fileRef = ADE49E8C23A874BD00EBB4C9 /* CustomCell.swift */; };
/* End PBXBuildFile section */

/* Begin PBXFileReference section */
		ADE49E7323A86C7700EBB4C9 /* Project 04 - Carousel Effect.app */ = {isa = PBXFileReference; explicitFileType = wrapper.application; includeInIndex = 0; path = "Project 04 - Carousel Effect.app"; sourceTree = BUILT_PRODUCTS_DIR; };
		ADE49E7623A86C7700EBB4C9 /* AppDelegate.swift */ = {isa = PBXFileReference; lastKnownFileType = sourcecode.swift; path = AppDelegate.swift; sourceTree = "<group>"; };
		ADE49E7A23A86C7700EBB4C9 /* ViewController.swift */ = {isa = PBXFileReference; lastKnownFileType = sourcecode.swift; path = ViewController.swift; sourceTree = "<group>"; };
		ADE49E7F23A86C7D00EBB4C9 /* Assets.xcassets */ = {isa = PBXFileReference; lastKnownFileType = folder.assetcatalog; path = Assets.xcassets; sourceTree = "<group>"; };
		ADE49E8223A86C7D00EBB4C9 /* Base */ = {isa = PBXFileReference; lastKnownFileType = file.storyboard; name = Base; path = Base.lproj/LaunchScreen.storyboard; sourceTree = "<group>"; };
		ADE49E8423A86C7D00EBB4C9 /* Info.plist */ = {isa = PBXFileReference; lastKnownFileType = text.plist.xml; path = Info.plist; sourceTree = "<group>"; };
		ADE49E8A23A86F4400EBB4C9 /* CellInfo.swift */ = {isa = PBXFileReference; lastKnownFileType = sourcecode.swift; path = CellInfo.swift; sourceTree = "<group>"; };
		ADE49E8C23A874BD00EBB4C9 /* CustomCell.swift */ = {isa = PBXFileReference; lastKnownFileType = sourcecode.swift; path = CustomCell.swift; sourceTree = "<group>"; };
/* End PBXFileReference section */

/* Begin PBXFrameworksBuildPhase section */
		ADE49E7023A86C7700EBB4C9 /* Frameworks */ = {
			isa = PBXFrameworksBuildPhase;
			buildActionMask = 2147483647;
			files = (
			);
			runOnlyForDeploymentPostprocessing = 0;
		};
/* End PBXFrameworksBuildPhase section */

/* Begin PBXGroup section */
		ADE49E6A23A86C7700EBB4C9 = {
			isa = PBXGroup;
			children = (
				ADE49E7523A86C7700EBB4C9 /* Project 04 - Carousel Effect */,
				ADE49E7423A86C7700EBB4C9 /* Products */,
			);
			sourceTree = "<group>";
		};
		ADE49E7423A86C7700EBB4C9 /* Products */ = {
			isa = PBXGroup;
			children = (
				ADE49E7323A86C7700EBB4C9 /* Project 04 - Carousel Effect.app */,
			);
			name = Products;
			sourceTree = "<group>";
		};
		ADE49E7523A86C7700EBB4C9 /* Project 04 - Carousel Effect */ = {
			isa = PBXGroup;
			children = (
				ADE49E7623A86C7700EBB4C9 /* AppDelegate.swift */,
				ADE49E7A23A86C7700EBB4C9 /* ViewController.swift */,
				ADE49E8C23A874BD00EBB4C9 /* CustomCell.swift */,
				ADE49E8A23A86F4400EBB4C9 /* CellInfo.swift */,
				ADE49E7F23A86C7D00EBB4C9 /* Assets.xcassets */,
				ADE49E8123A86C7D00EBB4C9 /* LaunchScreen.storyboard */,
				ADE49E8423A86C7D00EBB4C9 /* Info.plist */,
			);
			path = "Project 04 - Carousel Effect";
			sourceTree = "<group>";
		};
/* End PBXGroup section */

/* Begin PBXNativeTarget section */
		ADE49E7223A86C7700EBB4C9 /* Project 04 - Carousel Effect */ = {
			isa = PBXNativeTarget;
			buildConfigurationList = ADE49E8723A86C7D00EBB4C9 /* Build configuration list for PBXNativeTarget "Project 04 - Carousel Effect" */;
			buildPhases = (
				ADE49E6F23A86C7700EBB4C9 /* Sources */,
				ADE49E7023A86C7700EBB4C9 /* Frameworks */,
				ADE49E7123A86C7700EBB4C9 /* Resources */,
			);
			buildRules = (
			);
			dependencies = (
			);
			name = "Project 04 - Carousel Effect";
			productName = "Project 04 - Carousel Effect";
			productReference = ADE49E7323A86C7700EBB4C9 /* Project 04 - Carousel Effect.app */;
			productType = "com.apple.product-type.application";
		};
/* End PBXNativeTarget section */

/* Begin PBXProject section */
		ADE49E6B23A86C7700EBB4C9 /* Project object */ = {
			isa = PBXProject;
			attributes = {
				LastSwiftUpdateCheck = 1110;
				LastUpgradeCheck = 1110;
				ORGANIZATIONNAME = Ryan.com;
				TargetAttributes = {
					ADE49E7223A86C7700EBB4C9 = {
						CreatedOnToolsVersion = 11.1;
					};
				};
			};
			buildConfigurationList = ADE49E6E23A86C7700EBB4C9 /* Build configuration list for PBXProject "Project 04 - Carousel Effect" */;
			compatibilityVersion = "Xcode 9.3";
			developmentRegion = en;
			hasScannedForEncodings = 0;
			knownRegions = (
				en,
				Base,
			);
			mainGroup = ADE49E6A23A86C7700EBB4C9;
			productRefGroup = ADE49E7423A86C7700EBB4C9 /* Products */;
			projectDirPath = "";
			projectRoot = "";
			targets = (
				ADE49E7223A86C7700EBB4C9 /* Project 04 - Carousel Effect */,
			);
		};
/* End PBXProject section */

/* Begin PBXResourcesBuildPhase section */
		ADE49E7123A86C7700EBB4C9 /* Resources */ = {
			isa = PBXResourcesBuildPhase;
			buildActionMask = 2147483647;
			files = (
				ADE49E8323A86C7D00EBB4C9 /* LaunchScreen.storyboard in Resources */,
				ADE49E8023A86C7D00EBB4C9 /* Assets.xcassets in Resources */,
			);
			runOnlyForDeploymentPostprocessing = 0;
		};
/* End PBXResourcesBuildPhase section */

/* Begin PBXSourcesBuildPhase section */
		ADE49E6F23A86C7700EBB4C9 /* Sources */ = {
			isa = PBXSourcesBuildPhase;
			buildActionMask = 2147483647;
			files = (
				ADE49E8B23A86F4400EBB4C9 /* CellInfo.swift in Sources */,
				ADE49E7B23A86C7700EBB4C9 /* ViewController.swift in Sources */,
				ADE49E8D23A874BD00EBB4C9 /* CustomCell.swift in Sources */,
				ADE49E7723A86C7700EBB4C9 /* AppDelegate.swift in Sources */,
			);
			runOnlyForDeploymentPostprocessing = 0;
		};
/* End PBXSourcesBuildPhase section */

/* Begin PBXVariantGroup section */
		ADE49E8123A86C7D00EBB4C9 /* LaunchScreen.storyboard */ = {
			isa = PBXVariantGroup;
			children = (
				ADE49E8223A86C7D00EBB4C9 /* Base */,
			);
			name = LaunchScreen.storyboard;
			sourceTree = "<group>";
		};
/* End PBXVariantGroup section */

/* Begin XCBuildConfiguration section */
		ADE49E8523A86C7D00EBB4C9 /* Debug */ = {
			isa = XCBuildConfiguration;
			buildSettings = {
				ALWAYS_SEARCH_USER_PATHS = NO;
				CLANG_ANALYZER_NONNULL = YES;
				CLANG_ANALYZER_NUMBER_OBJECT_CONVERSION = YES_AGGRESSIVE;
				CLANG_CXX_LANGUAGE_STANDARD = "gnu++14";
				CLANG_CXX_LIBRARY = "libc++";
				CLANG_ENABLE_MODULES = YES;
				CLANG_ENABLE_OBJC_ARC = YES;
				CLANG_ENABLE_OBJC_WEAK = YES;
				CLANG_WARN_BLOCK_CAPTURE_AUTORELEASING = YES;
				CLANG_WARN_BOOL_CONVERSION = YES;
				CLANG_WARN_COMMA = YES;
				CLANG_WARN_CONSTANT_CONVERSION = YES;
				CLANG_WARN_DEPRECATED_OBJC_IMPLEMENTATIONS = YES;
				CLANG_WARN_DIRECT_OBJC_ISA_USAGE = YES_ERROR;
				CLANG_WARN_DOCUMENTATION_COMMENTS = YES;
				CLANG_WARN_EMPTY_BODY = YES;
				CLANG_WARN_ENUM_CONVERSION = YES;
				CLANG_WARN_INFINITE_RECURSION = YES;
				CLANG_WARN_INT_CONVERSION = YES;
				CLANG_WARN_NON_LITERAL_NULL_CONVERSION = YES;
				CLANG_WARN_OBJC_IMPLICIT_RETAIN_SELF = YES;
				CLANG_WARN_OBJC_LITERAL_CONVERSION = YES;
				CLANG_WARN_OBJC_ROOT_CLASS = YES_ERROR;
				CLANG_WARN_RANGE_LOOP_ANALYSIS = YES;
				CLANG_WARN_STRICT_PROTOTYPES = YES;
				CLANG_WARN_SUSPICIOUS_MOVE = YES;
				CLANG_WARN_UNGUARDED_AVAILABILITY = YES_AGGRESSIVE;
				CLANG_WARN_UNREACHABLE_CODE = YES;
				CLANG_WARN__DUPLICATE_METHOD_MATCH = YES;
				COPY_PHASE_STRIP = NO;
				DEBUG_INFORMATION_FORMAT = dwarf;
				ENABLE_STRICT_OBJC_MSGSEND = YES;
				ENABLE_TESTABILITY = YES;
				GCC_C_LANGUAGE_STANDARD = gnu11;
				GCC_DYNAMIC_NO_PIC = NO;
				GCC_NO_COMMON_BLOCKS = YES;
				GCC_OPTIMIZATION_LEVEL = 0;
				GCC_PREPROCESSOR_DEFINITIONS = (
					"DEBUG=1",
					"$(inherited)",
				);
				GCC_WARN_64_TO_32_BIT_CONVERSION = YES;
				GCC_WARN_ABOUT_RETURN_TYPE = YES_ERROR;
				GCC_WARN_UNDECLARED_SELECTOR = YES;
				GCC_WARN_UNINITIALIZED_AUTOS = YES_AGGRESSIVE;
				GCC_WARN_UNUSED_FUNCTION = YES;
				GCC_WARN_UNUSED_VARIABLE = YES;
				IPHONEOS_DEPLOYMENT_TARGET = 13.1;
				MTL_ENABLE_DEBUG_INFO = INCLUDE_SOURCE;
				MTL_FAST_MATH = YES;
				ONLY_ACTIVE_ARCH = YES;
				SDKROOT = iphoneos;
				SWIFT_ACTIVE_COMPILATION_CONDITIONS = DEBUG;
				SWIFT_OPTIMIZATION_LEVEL = "-Onone";
			};
			name = Debug;
		};
		ADE49E8623A86C7D00EBB4C9 /* Release */ = {
			isa = XCBuildConfiguration;
			buildSettings = {
				ALWAYS_SEARCH_USER_PATHS = NO;
				CLANG_ANALYZER_NONNULL = YES;
				CLANG_ANALYZER_NUMBER_OBJECT_CONVERSION = YES_AGGRESSIVE;
				CLANG_CXX_LANGUAGE_STANDARD = "gnu++14";
				CLANG_CXX_LIBRARY = "libc++";
				CLANG_ENABLE_MODULES = YES;
				CLANG_ENABLE_OBJC_ARC = YES;
				CLANG_ENABLE_OBJC_WEAK = YES;
				CLANG_WARN_BLOCK_CAPTURE_AUTORELEASING = YES;
				CLANG_WARN_BOOL_CONVERSION = YES;
				CLANG_WARN_COMMA = YES;
				CLANG_WARN_CONSTANT_CONVERSION = YES;
				CLANG_WARN_DEPRECATED_OBJC_IMPLEMENTATIONS = YES;
				CLANG_WARN_DIRECT_OBJC_ISA_USAGE = YES_ERROR;
				CLANG_WARN_DOCUMENTATION_COMMENTS = YES;
				CLANG_WARN_EMPTY_BODY = YES;
				CLANG_WARN_ENUM_CONVERSION = YES;
				CLANG_WARN_INFINITE_RECURSION = YES;
				CLANG_WARN_INT_CONVERSION = YES;
				CLANG_WARN_NON_LITERAL_NULL_CONVERSION = YES;
				CLANG_WARN_OBJC_IMPLICIT_RETAIN_SELF = YES;
				CLANG_WARN_OBJC_LITERAL_CONVERSION = YES;
				CLANG_WARN_OBJC_ROOT_CLASS = YES_ERROR;
				CLANG_WARN_RANGE_LOOP_ANALYSIS = YES;
				CLANG_WARN_STRICT_PROTOTYPES = YES;
				CLANG_WARN_SUSPICIOUS_MOVE = YES;
				CLANG_WARN_UNGUARDED_AVAILABILITY = YES_AGGRESSIVE;
				CLANG_WARN_UNREACHABLE_CODE = YES;
				CLANG_WARN__DUPLICATE_METHOD_MATCH = YES;
				COPY_PHASE_STRIP = NO;
				DEBUG_INFORMATION_FORMAT = "dwarf-with-dsym";
				ENABLE_NS_ASSERTIONS = NO;
				ENABLE_STRICT_OBJC_MSGSEND = YES;
				GCC_C_LANGUAGE_STANDARD = gnu11;
				GCC_NO_COMMON_BLOCKS = YES;
				GCC_WARN_64_TO_32_BIT_CONVERSION = YES;
				GCC_WARN_ABOUT_RETURN_TYPE = YES_ERROR;
				GCC_WARN_UNDECLARED_SELECTOR = YES;
				GCC_WARN_UNINITIALIZED_AUTOS = YES_AGGRESSIVE;
				GCC_WARN_UNUSED_FUNCTION = YES;
				GCC_WARN_UNUSED_VARIABLE = YES;
				IPHONEOS_DEPLOYMENT_TARGET = 13.1;
				MTL_ENABLE_DEBUG_INFO = NO;
				MTL_FAST_MATH = YES;
				SDKROOT = iphoneos;
				SWIFT_COMPILATION_MODE = wholemodule;
				SWIFT_OPTIMIZATION_LEVEL = "-O";
				VALIDATE_PRODUCT = YES;
			};
			name = Release;
		};
		ADE49E8823A86C7D00EBB4C9 /* Debug */ = {
			isa = XCBuildConfiguration;
			buildSettings = {
				ASSETCATALOG_COMPILER_APPICON_NAME = AppIcon;
				CODE_SIGN_STYLE = Automatic;
				DEVELOPMENT_TEAM = 3637HX3BF8;
				INFOPLIST_FILE = "Project 04 - Carousel Effect/Info.plist";
				IPHONEOS_DEPLOYMENT_TARGET = 12.0;
				LD_RUNPATH_SEARCH_PATHS = (
					"$(inherited)",
					"@executable_path/Frameworks",
				);
				PRODUCT_BUNDLE_IDENTIFIER = "com.Ryan.Project-04---Carousel-Effect";
				PRODUCT_NAME = "$(TARGET_NAME)";
				SWIFT_VERSION = 5.0;
				TARGETED_DEVICE_FAMILY = "1,2";
			};
			name = Debug;
		};
		ADE49E8923A86C7D00EBB4C9 /* Release */ = {
			isa = XCBuildConfiguration;
			buildSettings = {
				ASSETCATALOG_COMPILER_APPICON_NAME = AppIcon;
				CODE_SIGN_STYLE = Automatic;
				DEVELOPMENT_TEAM = 3637HX3BF8;
				INFOPLIST_FILE = "Project 04 - Carousel Effect/Info.plist";
				IPHONEOS_DEPLOYMENT_TARGET = 12.0;
				LD_RUNPATH_SEARCH_PATHS = (
					"$(inherited)",
					"@executable_path/Frameworks",
				);
				PRODUCT_BUNDLE_IDENTIFIER = "com.Ryan.Project-04---Carousel-Effect";
				PRODUCT_NAME = "$(TARGET_NAME)";
				SWIFT_VERSION = 5.0;
				TARGETED_DEVICE_FAMILY = "1,2";
			};
			name = Release;
		};
/* End XCBuildConfiguration section */

/* Begin XCConfigurationList section */
		ADE49E6E23A86C7700EBB4C9 /* Build configuration list for PBXProject "Project 04 - Carousel Effect" */ = {
			isa = XCConfigurationList;
			buildConfigurations = (
				ADE49E8523A86C7D00EBB4C9 /* Debug */,
				ADE49E8623A86C7D00EBB4C9 /* Release */,
			);
			defaultConfigurationIsVisible = 0;
			defaultConfigurationName = Release;
		};
		ADE49E8723A86C7D00EBB4C9 /* Build configuration list for PBXNativeTarget "Project 04 - Carousel Effect" */ = {
			isa = XCConfigurationList;
			buildConfigurations = (
				ADE49E8823A86C7D00EBB4C9 /* Debug */,
				ADE49E8923A86C7D00EBB4C9 /* Release */,
			);
			defaultConfigurationIsVisible = 0;
			defaultConfigurationName = Release;
		};
/* End XCConfigurationList section */
	};
	rootObject = ADE49E6B23A86C7700EBB4C9 /* Project object */;
}
