// !$*UTF8*$!
{
	archiveVersion = 1;
	classes = {
	};
	objectVersion = 50;
	objects = {

/* Begin PBXBuildFile section */
		945DB30A23AD17F300565D9B /* AppDelegate.swift in Sources */ = {isa = PBXBuildFile; fileRef = 945DB30923AD17F300565D9B /* AppDelegate.swift */; };
		945DB30E23AD17F300565D9B /* ViewController.swift in Sources */ = {isa = PBXBuildFile; fileRef = 945DB30D23AD17F300565D9B /* ViewController.swift */; };
		945DB31123AD17F300565D9B /* Main.storyboard in Resources */ = {isa = PBXBuildFile; fileRef = 945DB30F23AD17F300565D9B /* Main.storyboard */; };
		945DB31323AD17F400565D9B /* Assets.xcassets in Resources */ = {isa = PBXBuildFile; fileRef = 945DB31223AD17F400565D9B /* Assets.xcassets */; };
		945DB31623AD17F400565D9B /* LaunchScreen.storyboard in Resources */ = {isa = PBXBuildFile; fileRef = 945DB31423AD17F400565D9B /* LaunchScreen.storyboard */; };
		945DB31E23AD1CAC00565D9B /* moments.mp4 in Resources */ = {isa = PBXBuildFile; fileRef = 945DB31D23AD1CAC00565D9B /* moments.mp4 */; };
/* End PBXBuildFile section */

/* Begin PBXFileReference section */
		945DB30623AD17F300565D9B /* Project 09 - VideoBackground.app */ = {isa = PBXFileReference; explicitFileType = wrapper.application; includeInIndex = 0; path = "Project 09 - VideoBackground.app"; sourceTree = BUILT_PRODUCTS_DIR; };
		945DB30923AD17F300565D9B /* AppDelegate.swift */ = {isa = PBXFileReference; lastKnownFileType = sourcecode.swift; path = AppDelegate.swift; sourceTree = "<group>"; };
		945DB30D23AD17F300565D9B /* ViewController.swift */ = {isa = PBXFileReference; lastKnownFileType = sourcecode.swift; path = ViewController.swift; sourceTree = "<group>"; };
		945DB31023AD17F300565D9B /* Base */ = {isa = PBXFileReference; lastKnownFileType = file.storyboard; name = Base; path = Base.lproj/Main.storyboard; sourceTree = "<group>"; };
		945DB31223AD17F400565D9B /* Assets.xcassets */ = {isa = PBXFileReference; lastKnownFileType = folder.assetcatalog; path = Assets.xcassets; sourceTree = "<group>"; };
		945DB31523AD17F400565D9B /* Base */ = {isa = PBXFileReference; lastKnownFileType = file.storyboard; name = Base; path = Base.lproj/LaunchScreen.storyboard; sourceTree = "<group>"; };
		945DB31723AD17F400565D9B /* Info.plist */ = {isa = PBXFileReference; lastKnownFileType = text.plist.xml; path = Info.plist; sourceTree = "<group>"; };
		945DB31D23AD1CAC00565D9B /* moments.mp4 */ = {isa = PBXFileReference; lastKnownFileType = file; path = moments.mp4; sourceTree = "<group>"; };
/* End PBXFileReference section */

/* Begin PBXFrameworksBuildPhase section */
		945DB30323AD17F300565D9B /* Frameworks */ = {
			isa = PBXFrameworksBuildPhase;
			buildActionMask = 2147483647;
			files = (
			);
			runOnlyForDeploymentPostprocessing = 0;
		};
/* End PBXFrameworksBuildPhase section */

/* Begin PBXGroup section */
		945DB2FD23AD17F300565D9B = {
			isa = PBXGroup;
			children = (
				945DB30823AD17F300565D9B /* Project 09 - VideoBackground */,
				945DB30723AD17F300565D9B /* Products */,
			);
			sourceTree = "<group>";
		};
		945DB30723AD17F300565D9B /* Products */ = {
			isa = PBXGroup;
			children = (
				945DB30623AD17F300565D9B /* Project 09 - VideoBackground.app */,
			);
			name = Products;
			sourceTree = "<group>";
		};
		945DB30823AD17F300565D9B /* Project 09 - VideoBackground */ = {
			isa = PBXGroup;
			children = (
				945DB31D23AD1CAC00565D9B /* moments.mp4 */,
				945DB30923AD17F300565D9B /* AppDelegate.swift */,
				945DB30D23AD17F300565D9B /* ViewController.swift */,
				945DB30F23AD17F300565D9B /* Main.storyboard */,
				945DB31223AD17F400565D9B /* Assets.xcassets */,
				945DB31423AD17F400565D9B /* LaunchScreen.storyboard */,
				945DB31723AD17F400565D9B /* Info.plist */,
			);
			path = "Project 09 - VideoBackground";
			sourceTree = "<group>";
		};
/* End PBXGroup section */

/* Begin PBXNativeTarget section */
		945DB30523AD17F300565D9B /* Project 09 - VideoBackground */ = {
			isa = PBXNativeTarget;
			buildConfigurationList = 945DB31A23AD17F400565D9B /* Build configuration list for PBXNativeTarget "Project 09 - VideoBackground" */;
			buildPhases = (
				945DB30223AD17F300565D9B /* Sources */,
				945DB30323AD17F300565D9B /* Frameworks */,
				945DB30423AD17F300565D9B /* Resources */,
			);
			buildRules = (
			);
			dependencies = (
			);
			name = "Project 09 - VideoBackground";
			productName = "Project 09 - VideoBackground";
			productReference = 945DB30623AD17F300565D9B /* Project 09 - VideoBackground.app */;
			productType = "com.apple.product-type.application";
		};
/* End PBXNativeTarget section */

/* Begin PBXProject section */
		945DB2FE23AD17F300565D9B /* Project object */ = {
			isa = PBXProject;
			attributes = {
				LastSwiftUpdateCheck = 1130;
				LastUpgradeCheck = 1130;
				ORGANIZATIONNAME = Ryan;
				TargetAttributes = {
					945DB30523AD17F300565D9B = {
						CreatedOnToolsVersion = 11.3;
					};
				};
			};
			buildConfigurationList = 945DB30123AD17F300565D9B /* Build configuration list for PBXProject "Project 09 - VideoBackground" */;
			compatibilityVersion = "Xcode 9.3";
			developmentRegion = en;
			hasScannedForEncodings = 0;
			knownRegions = (
				en,
				Base,
			);
			mainGroup = 945DB2FD23AD17F300565D9B;
			productRefGroup = 945DB30723AD17F300565D9B /* Products */;
			projectDirPath = "";
			projectRoot = "";
			targets = (
				945DB30523AD17F300565D9B /* Project 09 - VideoBackground */,
			);
		};
/* End PBXProject section */

/* Begin PBXResourcesBuildPhase section */
		945DB30423AD17F300565D9B /* Resources */ = {
			isa = PBXResourcesBuildPhase;
			buildActionMask = 2147483647;
			files = (
				945DB31623AD17F400565D9B /* LaunchScreen.storyboard in Resources */,
				945DB31E23AD1CAC00565D9B /* moments.mp4 in Resources */,
				945DB31323AD17F400565D9B /* Assets.xcassets in Resources */,
				945DB31123AD17F300565D9B /* Main.storyboard in Resources */,
			);
			runOnlyForDeploymentPostprocessing = 0;
		};
/* End PBXResourcesBuildPhase section */

/* Begin PBXSourcesBuildPhase section */
		945DB30223AD17F300565D9B /* Sources */ = {
			isa = PBXSourcesBuildPhase;
			buildActionMask = 2147483647;
			files = (
				945DB30E23AD17F300565D9B /* ViewController.swift in Sources */,
				945DB30A23AD17F300565D9B /* AppDelegate.swift in Sources */,
			);
			runOnlyForDeploymentPostprocessing = 0;
		};
/* End PBXSourcesBuildPhase section */

/* Begin PBXVariantGroup section */
		945DB30F23AD17F300565D9B /* Main.storyboard */ = {
			isa = PBXVariantGroup;
			children = (
				945DB31023AD17F300565D9B /* Base */,
			);
			name = Main.storyboard;
			sourceTree = "<group>";
		};
		945DB31423AD17F400565D9B /* LaunchScreen.storyboard */ = {
			isa = PBXVariantGroup;
			children = (
				945DB31523AD17F400565D9B /* Base */,
			);
			name = LaunchScreen.storyboard;
			sourceTree = "<group>";
		};
/* End PBXVariantGroup section */

/* Begin XCBuildConfiguration section */
		945DB31823AD17F400565D9B /* Debug */ = {
			isa = XCBuildConfiguration;
			buildSettings = {
				ALWAYS_SEARCH_USER_PATHS = NO;
				CLANG_ANALYZER_NONNULL = YES;
				CLANG_ANALYZER_NUMBER_OBJECT_CONVERSION = YES_AGGRESSIVE;
				CLANG_CXX_LANGUAGE_STANDARD = "gnu++14";
				CLANG_CXX_LIBRARY = "libc++";
				CLANG_ENABLE_MODULES = YES;
				CLANG_ENABLE_OBJC_ARC = YES;
				CLANG_ENABLE_OBJC_WEAK = YES;
				CLANG_WARN_BLOCK_CAPTURE_AUTORELEASING = YES;
				CLANG_WARN_BOOL_CONVERSION = YES;
				CLANG_WARN_COMMA = YES;
				CLANG_WARN_CONSTANT_CONVERSION = YES;
				CLANG_WARN_DEPRECATED_OBJC_IMPLEMENTATIONS = YES;
				CLANG_WARN_DIRECT_OBJC_ISA_USAGE = YES_ERROR;
				CLANG_WARN_DOCUMENTATION_COMMENTS = YES;
				CLANG_WARN_EMPTY_BODY = YES;
				CLANG_WARN_ENUM_CONVERSION = YES;
				CLANG_WARN_INFINITE_RECURSION = YES;
				CLANG_WARN_INT_CONVERSION = YES;
				CLANG_WARN_NON_LITERAL_NULL_CONVERSION = YES;
				CLANG_WARN_OBJC_IMPLICIT_RETAIN_SELF = YES;
				CLANG_WARN_OBJC_LITERAL_CONVERSION = YES;
				CLANG_WARN_OBJC_ROOT_CLASS = YES_ERROR;
				CLANG_WARN_RANGE_LOOP_ANALYSIS = YES;
				CLANG_WARN_STRICT_PROTOTYPES = YES;
				CLANG_WARN_SUSPICIOUS_MOVE = YES;
				CLANG_WARN_UNGUARDED_AVAILABILITY = YES_AGGRESSIVE;
				CLANG_WARN_UNREACHABLE_CODE = YES;
				CLANG_WARN__DUPLICATE_METHOD_MATCH = YES;
				COPY_PHASE_STRIP = NO;
				DEBUG_INFORMATION_FORMAT = dwarf;
				ENABLE_STRICT_OBJC_MSGSEND = YES;
				ENABLE_TESTABILITY = YES;
				GCC_C_LANGUAGE_STANDARD = gnu11;
				GCC_DYNAMIC_NO_PIC = NO;
				GCC_NO_COMMON_BLOCKS = YES;
				GCC_OPTIMIZATION_LEVEL = 0;
				GCC_PREPROCESSOR_DEFINITIONS = (
					"DEBUG=1",
					"$(inherited)",
				);
				GCC_WARN_64_TO_32_BIT_CONVERSION = YES;
				GCC_WARN_ABOUT_RETURN_TYPE = YES_ERROR;
				GCC_WARN_UNDECLARED_SELECTOR = YES;
				GCC_WARN_UNINITIALIZED_AUTOS = YES_AGGRESSIVE;
				GCC_WARN_UNUSED_FUNCTION = YES;
				GCC_WARN_UNUSED_VARIABLE = YES;
				IPHONEOS_DEPLOYMENT_TARGET = 13.2;
				MTL_ENABLE_DEBUG_INFO = INCLUDE_SOURCE;
				MTL_FAST_MATH = YES;
				ONLY_ACTIVE_ARCH = YES;
				SDKROOT = iphoneos;
				SWIFT_ACTIVE_COMPILATION_CONDITIONS = DEBUG;
				SWIFT_OPTIMIZATION_LEVEL = "-Onone";
			};
			name = Debug;
		};
		945DB31923AD17F400565D9B /* Release */ = {
			isa = XCBuildConfiguration;
			buildSettings = {
				ALWAYS_SEARCH_USER_PATHS = NO;
				CLANG_ANALYZER_NONNULL = YES;
				CLANG_ANALYZER_NUMBER_OBJECT_CONVERSION = YES_AGGRESSIVE;
				CLANG_CXX_LANGUAGE_STANDARD = "gnu++14";
				CLANG_CXX_LIBRARY = "libc++";
				CLANG_ENABLE_MODULES = YES;
				CLANG_ENABLE_OBJC_ARC = YES;
				CLANG_ENABLE_OBJC_WEAK = YES;
				CLANG_WARN_BLOCK_CAPTURE_AUTORELEASING = YES;
				CLANG_WARN_BOOL_CONVERSION = YES;
				CLANG_WARN_COMMA = YES;
				CLANG_WARN_CONSTANT_CONVERSION = YES;
				CLANG_WARN_DEPRECATED_OBJC_IMPLEMENTATIONS = YES;
				CLANG_WARN_DIRECT_OBJC_ISA_USAGE = YES_ERROR;
				CLANG_WARN_DOCUMENTATION_COMMENTS = YES;
				CLANG_WARN_EMPTY_BODY = YES;
				CLANG_WARN_ENUM_CONVERSION = YES;
				CLANG_WARN_INFINITE_RECURSION = YES;
				CLANG_WARN_INT_CONVERSION = YES;
				CLANG_WARN_NON_LITERAL_NULL_CONVERSION = YES;
				CLANG_WARN_OBJC_IMPLICIT_RETAIN_SELF = YES;
				CLANG_WARN_OBJC_LITERAL_CONVERSION = YES;
				CLANG_WARN_OBJC_ROOT_CLASS = YES_ERROR;
				CLANG_WARN_RANGE_LOOP_ANALYSIS = YES;
				CLANG_WARN_STRICT_PROTOTYPES = YES;
				CLANG_WARN_SUSPICIOUS_MOVE = YES;
				CLANG_WARN_UNGUARDED_AVAILABILITY = YES_AGGRESSIVE;
				CLANG_WARN_UNREACHABLE_CODE = YES;
				CLANG_WARN__DUPLICATE_METHOD_MATCH = YES;
				COPY_PHASE_STRIP = NO;
				DEBUG_INFORMATION_FORMAT = "dwarf-with-dsym";
				ENABLE_NS_ASSERTIONS = NO;
				ENABLE_STRICT_OBJC_MSGSEND = YES;
				GCC_C_LANGUAGE_STANDARD = gnu11;
				GCC_NO_COMMON_BLOCKS = YES;
				GCC_WARN_64_TO_32_BIT_CONVERSION = YES;
				GCC_WARN_ABOUT_RETURN_TYPE = YES_ERROR;
				GCC_WARN_UNDECLARED_SELECTOR = YES;
				GCC_WARN_UNINITIALIZED_AUTOS = YES_AGGRESSIVE;
				GCC_WARN_UNUSED_FUNCTION = YES;
				GCC_WARN_UNUSED_VARIABLE = YES;
				IPHONEOS_DEPLOYMENT_TARGET = 13.2;
				MTL_ENABLE_DEBUG_INFO = NO;
				MTL_FAST_MATH = YES;
				SDKROOT = iphoneos;
				SWIFT_COMPILATION_MODE = wholemodule;
				SWIFT_OPTIMIZATION_LEVEL = "-O";
				VALIDATE_PRODUCT = YES;
			};
			name = Release;
		};
		945DB31B23AD17F400565D9B /* Debug */ = {
			isa = XCBuildConfiguration;
			buildSettings = {
				ASSETCATALOG_COMPILER_APPICON_NAME = AppIcon;
				CODE_SIGN_STYLE = Automatic;
				DEVELOPMENT_TEAM = 3637HX3BF8;
				INFOPLIST_FILE = "Project 09 - VideoBackground/Info.plist";
				LD_RUNPATH_SEARCH_PATHS = (
					"$(inherited)",
					"@executable_path/Frameworks",
				);
				PRODUCT_BUNDLE_IDENTIFIER = "Ryan.com.Project-09---VideoBackground";
				PRODUCT_NAME = "$(TARGET_NAME)";
				SWIFT_VERSION = 5.0;
				TARGETED_DEVICE_FAMILY = "1,2";
			};
			name = Debug;
		};
		945DB31C23AD17F400565D9B /* Release */ = {
			isa = XCBuildConfiguration;
			buildSettings = {
				ASSETCATALOG_COMPILER_APPICON_NAME = AppIcon;
				CODE_SIGN_STYLE = Automatic;
				DEVELOPMENT_TEAM = 3637HX3BF8;
				INFOPLIST_FILE = "Project 09 - VideoBackground/Info.plist";
				LD_RUNPATH_SEARCH_PATHS = (
					"$(inherited)",
					"@executable_path/Frameworks",
				);
				PRODUCT_BUNDLE_IDENTIFIER = "Ryan.com.Project-09---VideoBackground";
				PRODUCT_NAME = "$(TARGET_NAME)";
				SWIFT_VERSION = 5.0;
				TARGETED_DEVICE_FAMILY = "1,2";
			};
			name = Release;
		};
/* End XCBuildConfiguration section */

/* Begin XCConfigurationList section */
		945DB30123AD17F300565D9B /* Build configuration list for PBXProject "Project 09 - VideoBackground" */ = {
			isa = XCConfigurationList;
			buildConfigurations = (
				945DB31823AD17F400565D9B /* Debug */,
				945DB31923AD17F400565D9B /* Release */,
			);
			defaultConfigurationIsVisible = 0;
			defaultConfigurationName = Release;
		};
		945DB31A23AD17F400565D9B /* Build configuration list for PBXNativeTarget "Project 09 - VideoBackground" */ = {
			isa = XCConfigurationList;
			buildConfigurations = (
				945DB31B23AD17F400565D9B /* Debug */,
				945DB31C23AD17F400565D9B /* Release */,
			);
			defaultConfigurationIsVisible = 0;
			defaultConfigurationName = Release;
		};
/* End XCConfigurationList section */
	};
	rootObject = 945DB2FE23AD17F300565D9B /* Project object */;
}
