// !$*UTF8*$!
{
	archiveVersion = 1;
	classes = {
	};
	objectVersion = 50;
	objects = {

/* Begin PBXBuildFile section */
		9472670C23ED8BFF00564F5B /* AppDelegate.swift in Sources */ = {isa = PBXBuildFile; fileRef = 9472670B23ED8BFF00564F5B /* AppDelegate.swift */; };
		9472671023ED8BFF00564F5B /* ViewController.swift in Sources */ = {isa = PBXBuildFile; fileRef = 9472670F23ED8BFF00564F5B /* ViewController.swift */; };
		9472671523ED8C0200564F5B /* Assets.xcassets in Resources */ = {isa = PBXBuildFile; fileRef = 9472671423ED8C0200564F5B /* Assets.xcassets */; };
		9472671823ED8C0200564F5B /* LaunchScreen.storyboard in Resources */ = {isa = PBXBuildFile; fileRef = 9472671623ED8C0200564F5B /* LaunchScreen.storyboard */; };
		9472672023ED8C6900564F5B /* CustomCell.swift in Sources */ = {isa = PBXBuildFile; fileRef = 9472671F23ED8C6900564F5B /* CustomCell.swift */; };
		9472672223ED8C9500564F5B /* PushAnimationController.swift in Sources */ = {isa = PBXBuildFile; fileRef = 9472672123ED8C9500564F5B /* PushAnimationController.swift */; };
		9472672423ED8CBC00564F5B /* DetailViewController.swift in Sources */ = {isa = PBXBuildFile; fileRef = 9472672323ED8CBC00564F5B /* DetailViewController.swift */; };
		9472672923ED8F2800564F5B /* PopAnimationController.swift in Sources */ = {isa = PBXBuildFile; fileRef = 9472672823ED8F2800564F5B /* PopAnimationController.swift */; };
/* End PBXBuildFile section */

/* Begin PBXFileReference section */
		9472670823ED8BFF00564F5B /* Project 18 - CollectionCellAnimation.app */ = {isa = PBXFileReference; explicitFileType = wrapper.application; includeInIndex = 0; path = "Project 18 - CollectionCellAnimation.app"; sourceTree = BUILT_PRODUCTS_DIR; };
		9472670B23ED8BFF00564F5B /* AppDelegate.swift */ = {isa = PBXFileReference; lastKnownFileType = sourcecode.swift; path = AppDelegate.swift; sourceTree = "<group>"; };
		9472670F23ED8BFF00564F5B /* ViewController.swift */ = {isa = PBXFileReference; lastKnownFileType = sourcecode.swift; path = ViewController.swift; sourceTree = "<group>"; };
		9472671423ED8C0200564F5B /* Assets.xcassets */ = {isa = PBXFileReference; lastKnownFileType = folder.assetcatalog; path = Assets.xcassets; sourceTree = "<group>"; };
		9472671723ED8C0200564F5B /* Base */ = {isa = PBXFileReference; lastKnownFileType = file.storyboard; name = Base; path = Base.lproj/LaunchScreen.storyboard; sourceTree = "<group>"; };
		9472671923ED8C0200564F5B /* Info.plist */ = {isa = PBXFileReference; lastKnownFileType = text.plist.xml; path = Info.plist; sourceTree = "<group>"; };
		9472671F23ED8C6900564F5B /* CustomCell.swift */ = {isa = PBXFileReference; lastKnownFileType = sourcecode.swift; path = CustomCell.swift; sourceTree = "<group>"; };
		9472672123ED8C9500564F5B /* PushAnimationController.swift */ = {isa = PBXFileReference; lastKnownFileType = sourcecode.swift; path = PushAnimationController.swift; sourceTree = "<group>"; };
		9472672323ED8CBC00564F5B /* DetailViewController.swift */ = {isa = PBXFileReference; lastKnownFileType = sourcecode.swift; path = DetailViewController.swift; sourceTree = "<group>"; };
		9472672823ED8F2800564F5B /* PopAnimationController.swift */ = {isa = PBXFileReference; fileEncoding = 4; lastKnownFileType = sourcecode.swift; path = PopAnimationController.swift; sourceTree = "<group>"; };
/* End PBXFileReference section */

/* Begin PBXFrameworksBuildPhase section */
		9472670523ED8BFF00564F5B /* Frameworks */ = {
			isa = PBXFrameworksBuildPhase;
			buildActionMask = 2147483647;
			files = (
			);
			runOnlyForDeploymentPostprocessing = 0;
		};
/* End PBXFrameworksBuildPhase section */

/* Begin PBXGroup section */
		947266FF23ED8BFE00564F5B = {
			isa = PBXGroup;
			children = (
				9472670A23ED8BFF00564F5B /* Project 18 - CollectionCellAnimation */,
				9472670923ED8BFF00564F5B /* Products */,
			);
			sourceTree = "<group>";
		};
		9472670923ED8BFF00564F5B /* Products */ = {
			isa = PBXGroup;
			children = (
				9472670823ED8BFF00564F5B /* Project 18 - CollectionCellAnimation.app */,
			);
			name = Products;
			sourceTree = "<group>";
		};
		9472670A23ED8BFF00564F5B /* Project 18 - CollectionCellAnimation */ = {
			isa = PBXGroup;
			children = (
				9472672723ED8E9000564F5B /* Animation Controller */,
				9472670B23ED8BFF00564F5B /* AppDelegate.swift */,
				9472670F23ED8BFF00564F5B /* ViewController.swift */,
				9472671F23ED8C6900564F5B /* CustomCell.swift */,
				9472672323ED8CBC00564F5B /* DetailViewController.swift */,
				9472671423ED8C0200564F5B /* Assets.xcassets */,
				9472671623ED8C0200564F5B /* LaunchScreen.storyboard */,
				9472671923ED8C0200564F5B /* Info.plist */,
			);
			path = "Project 18 - CollectionCellAnimation";
			sourceTree = "<group>";
		};
		9472672723ED8E9000564F5B /* Animation Controller */ = {
			isa = PBXGroup;
			children = (
				9472672823ED8F2800564F5B /* PopAnimationController.swift */,
				9472672123ED8C9500564F5B /* PushAnimationController.swift */,
			);
			path = "Animation Controller";
			sourceTree = "<group>";
		};
/* End PBXGroup section */

/* Begin PBXNativeTarget section */
		9472670723ED8BFF00564F5B /* Project 18 - CollectionCellAnimation */ = {
			isa = PBXNativeTarget;
			buildConfigurationList = 9472671C23ED8C0200564F5B /* Build configuration list for PBXNativeTarget "Project 18 - CollectionCellAnimation" */;
			buildPhases = (
				9472670423ED8BFF00564F5B /* Sources */,
				9472670523ED8BFF00564F5B /* Frameworks */,
				9472670623ED8BFF00564F5B /* Resources */,
			);
			buildRules = (
			);
			dependencies = (
			);
			name = "Project 18 - CollectionCellAnimation";
			productName = "Project 18 - CollectionCellAnimation";
			productReference = 9472670823ED8BFF00564F5B /* Project 18 - CollectionCellAnimation.app */;
			productType = "com.apple.product-type.application";
		};
/* End PBXNativeTarget section */

/* Begin PBXProject section */
		9472670023ED8BFE00564F5B /* Project object */ = {
			isa = PBXProject;
			attributes = {
				LastSwiftUpdateCheck = 1130;
				LastUpgradeCheck = 1130;
				ORGANIZATIONNAME = Ryan;
				TargetAttributes = {
					9472670723ED8BFF00564F5B = {
						CreatedOnToolsVersion = 11.3;
					};
				};
			};
			buildConfigurationList = 9472670323ED8BFE00564F5B /* Build configuration list for PBXProject "Project 18 - CollectionCellAnimation" */;
			compatibilityVersion = "Xcode 9.3";
			developmentRegion = en;
			hasScannedForEncodings = 0;
			knownRegions = (
				en,
				Base,
			);
			mainGroup = 947266FF23ED8BFE00564F5B;
			productRefGroup = 9472670923ED8BFF00564F5B /* Products */;
			projectDirPath = "";
			projectRoot = "";
			targets = (
				9472670723ED8BFF00564F5B /* Project 18 - CollectionCellAnimation */,
			);
		};
/* End PBXProject section */

/* Begin PBXResourcesBuildPhase section */
		9472670623ED8BFF00564F5B /* Resources */ = {
			isa = PBXResourcesBuildPhase;
			buildActionMask = 2147483647;
			files = (
				9472671823ED8C0200564F5B /* LaunchScreen.storyboard in Resources */,
				9472671523ED8C0200564F5B /* Assets.xcassets in Resources */,
			);
			runOnlyForDeploymentPostprocessing = 0;
		};
/* End PBXResourcesBuildPhase section */

/* Begin PBXSourcesBuildPhase section */
		9472670423ED8BFF00564F5B /* Sources */ = {
			isa = PBXSourcesBuildPhase;
			buildActionMask = 2147483647;
			files = (
				9472672223ED8C9500564F5B /* PushAnimationController.swift in Sources */,
				9472671023ED8BFF00564F5B /* ViewController.swift in Sources */,
				9472672423ED8CBC00564F5B /* DetailViewController.swift in Sources */,
				9472672023ED8C6900564F5B /* CustomCell.swift in Sources */,
				9472672923ED8F2800564F5B /* PopAnimationController.swift in Sources */,
				9472670C23ED8BFF00564F5B /* AppDelegate.swift in Sources */,
			);
			runOnlyForDeploymentPostprocessing = 0;
		};
/* End PBXSourcesBuildPhase section */

/* Begin PBXVariantGroup section */
		9472671623ED8C0200564F5B /* LaunchScreen.storyboard */ = {
			isa = PBXVariantGroup;
			children = (
				9472671723ED8C0200564F5B /* Base */,
			);
			name = LaunchScreen.storyboard;
			sourceTree = "<group>";
		};
/* End PBXVariantGroup section */

/* Begin XCBuildConfiguration section */
		9472671A23ED8C0200564F5B /* Debug */ = {
			isa = XCBuildConfiguration;
			buildSettings = {
				ALWAYS_SEARCH_USER_PATHS = NO;
				CLANG_ANALYZER_NONNULL = YES;
				CLANG_ANALYZER_NUMBER_OBJECT_CONVERSION = YES_AGGRESSIVE;
				CLANG_CXX_LANGUAGE_STANDARD = "gnu++14";
				CLANG_CXX_LIBRARY = "libc++";
				CLANG_ENABLE_MODULES = YES;
				CLANG_ENABLE_OBJC_ARC = YES;
				CLANG_ENABLE_OBJC_WEAK = YES;
				CLANG_WARN_BLOCK_CAPTURE_AUTORELEASING = YES;
				CLANG_WARN_BOOL_CONVERSION = YES;
				CLANG_WARN_COMMA = YES;
				CLANG_WARN_CONSTANT_CONVERSION = YES;
				CLANG_WARN_DEPRECATED_OBJC_IMPLEMENTATIONS = YES;
				CLANG_WARN_DIRECT_OBJC_ISA_USAGE = YES_ERROR;
				CLANG_WARN_DOCUMENTATION_COMMENTS = YES;
				CLANG_WARN_EMPTY_BODY = YES;
				CLANG_WARN_ENUM_CONVERSION = YES;
				CLANG_WARN_INFINITE_RECURSION = YES;
				CLANG_WARN_INT_CONVERSION = YES;
				CLANG_WARN_NON_LITERAL_NULL_CONVERSION = YES;
				CLANG_WARN_OBJC_IMPLICIT_RETAIN_SELF = YES;
				CLANG_WARN_OBJC_LITERAL_CONVERSION = YES;
				CLANG_WARN_OBJC_ROOT_CLASS = YES_ERROR;
				CLANG_WARN_RANGE_LOOP_ANALYSIS = YES;
				CLANG_WARN_STRICT_PROTOTYPES = YES;
				CLANG_WARN_SUSPICIOUS_MOVE = YES;
				CLANG_WARN_UNGUARDED_AVAILABILITY = YES_AGGRESSIVE;
				CLANG_WARN_UNREACHABLE_CODE = YES;
				CLANG_WARN__DUPLICATE_METHOD_MATCH = YES;
				COPY_PHASE_STRIP = NO;
				DEBUG_INFORMATION_FORMAT = dwarf;
				ENABLE_STRICT_OBJC_MSGSEND = YES;
				ENABLE_TESTABILITY = YES;
				GCC_C_LANGUAGE_STANDARD = gnu11;
				GCC_DYNAMIC_NO_PIC = NO;
				GCC_NO_COMMON_BLOCKS = YES;
				GCC_OPTIMIZATION_LEVEL = 0;
				GCC_PREPROCESSOR_DEFINITIONS = (
					"DEBUG=1",
					"$(inherited)",
				);
				GCC_WARN_64_TO_32_BIT_CONVERSION = YES;
				GCC_WARN_ABOUT_RETURN_TYPE = YES_ERROR;
				GCC_WARN_UNDECLARED_SELECTOR = YES;
				GCC_WARN_UNINITIALIZED_AUTOS = YES_AGGRESSIVE;
				GCC_WARN_UNUSED_FUNCTION = YES;
				GCC_WARN_UNUSED_VARIABLE = YES;
				IPHONEOS_DEPLOYMENT_TARGET = 13.2;
				MTL_ENABLE_DEBUG_INFO = INCLUDE_SOURCE;
				MTL_FAST_MATH = YES;
				ONLY_ACTIVE_ARCH = YES;
				SDKROOT = iphoneos;
				SWIFT_ACTIVE_COMPILATION_CONDITIONS = DEBUG;
				SWIFT_OPTIMIZATION_LEVEL = "-Onone";
			};
			name = Debug;
		};
		9472671B23ED8C0200564F5B /* Release */ = {
			isa = XCBuildConfiguration;
			buildSettings = {
				ALWAYS_SEARCH_USER_PATHS = NO;
				CLANG_ANALYZER_NONNULL = YES;
				CLANG_ANALYZER_NUMBER_OBJECT_CONVERSION = YES_AGGRESSIVE;
				CLANG_CXX_LANGUAGE_STANDARD = "gnu++14";
				CLANG_CXX_LIBRARY = "libc++";
				CLANG_ENABLE_MODULES = YES;
				CLANG_ENABLE_OBJC_ARC = YES;
				CLANG_ENABLE_OBJC_WEAK = YES;
				CLANG_WARN_BLOCK_CAPTURE_AUTORELEASING = YES;
				CLANG_WARN_BOOL_CONVERSION = YES;
				CLANG_WARN_COMMA = YES;
				CLANG_WARN_CONSTANT_CONVERSION = YES;
				CLANG_WARN_DEPRECATED_OBJC_IMPLEMENTATIONS = YES;
				CLANG_WARN_DIRECT_OBJC_ISA_USAGE = YES_ERROR;
				CLANG_WARN_DOCUMENTATION_COMMENTS = YES;
				CLANG_WARN_EMPTY_BODY = YES;
				CLANG_WARN_ENUM_CONVERSION = YES;
				CLANG_WARN_INFINITE_RECURSION = YES;
				CLANG_WARN_INT_CONVERSION = YES;
				CLANG_WARN_NON_LITERAL_NULL_CONVERSION = YES;
				CLANG_WARN_OBJC_IMPLICIT_RETAIN_SELF = YES;
				CLANG_WARN_OBJC_LITERAL_CONVERSION = YES;
				CLANG_WARN_OBJC_ROOT_CLASS = YES_ERROR;
				CLANG_WARN_RANGE_LOOP_ANALYSIS = YES;
				CLANG_WARN_STRICT_PROTOTYPES = YES;
				CLANG_WARN_SUSPICIOUS_MOVE = YES;
				CLANG_WARN_UNGUARDED_AVAILABILITY = YES_AGGRESSIVE;
				CLANG_WARN_UNREACHABLE_CODE = YES;
				CLANG_WARN__DUPLICATE_METHOD_MATCH = YES;
				COPY_PHASE_STRIP = NO;
				DEBUG_INFORMATION_FORMAT = "dwarf-with-dsym";
				ENABLE_NS_ASSERTIONS = NO;
				ENABLE_STRICT_OBJC_MSGSEND = YES;
				GCC_C_LANGUAGE_STANDARD = gnu11;
				GCC_NO_COMMON_BLOCKS = YES;
				GCC_WARN_64_TO_32_BIT_CONVERSION = YES;
				GCC_WARN_ABOUT_RETURN_TYPE = YES_ERROR;
				GCC_WARN_UNDECLARED_SELECTOR = YES;
				GCC_WARN_UNINITIALIZED_AUTOS = YES_AGGRESSIVE;
				GCC_WARN_UNUSED_FUNCTION = YES;
				GCC_WARN_UNUSED_VARIABLE = YES;
				IPHONEOS_DEPLOYMENT_TARGET = 13.2;
				MTL_ENABLE_DEBUG_INFO = NO;
				MTL_FAST_MATH = YES;
				SDKROOT = iphoneos;
				SWIFT_COMPILATION_MODE = wholemodule;
				SWIFT_OPTIMIZATION_LEVEL = "-O";
				VALIDATE_PRODUCT = YES;
			};
			name = Release;
		};
		9472671D23ED8C0200564F5B /* Debug */ = {
			isa = XCBuildConfiguration;
			buildSettings = {
				ASSETCATALOG_COMPILER_APPICON_NAME = AppIcon;
				CODE_SIGN_STYLE = Automatic;
				DEVELOPMENT_TEAM = 3637HX3BF8;
				INFOPLIST_FILE = "Project 18 - CollectionCellAnimation/Info.plist";
				LD_RUNPATH_SEARCH_PATHS = (
					"$(inherited)",
					"@executable_path/Frameworks",
				);
				PRODUCT_BUNDLE_IDENTIFIER = "Ryan.com.Project-18---CollectionCellAnimation";
				PRODUCT_NAME = "$(TARGET_NAME)";
				SWIFT_VERSION = 5.0;
				TARGETED_DEVICE_FAMILY = "1,2";
			};
			name = Debug;
		};
		9472671E23ED8C0200564F5B /* Release */ = {
			isa = XCBuildConfiguration;
			buildSettings = {
				ASSETCATALOG_COMPILER_APPICON_NAME = AppIcon;
				CODE_SIGN_STYLE = Automatic;
				DEVELOPMENT_TEAM = 3637HX3BF8;
				INFOPLIST_FILE = "Project 18 - CollectionCellAnimation/Info.plist";
				LD_RUNPATH_SEARCH_PATHS = (
					"$(inherited)",
					"@executable_path/Frameworks",
				);
				PRODUCT_BUNDLE_IDENTIFIER = "Ryan.com.Project-18---CollectionCellAnimation";
				PRODUCT_NAME = "$(TARGET_NAME)";
				SWIFT_VERSION = 5.0;
				TARGETED_DEVICE_FAMILY = "1,2";
			};
			name = Release;
		};
/* End XCBuildConfiguration section */

/* Begin XCConfigurationList section */
		9472670323ED8BFE00564F5B /* Build configuration list for PBXProject "Project 18 - CollectionCellAnimation" */ = {
			isa = XCConfigurationList;
			buildConfigurations = (
				9472671A23ED8C0200564F5B /* Debug */,
				9472671B23ED8C0200564F5B /* Release */,
			);
			defaultConfigurationIsVisible = 0;
			defaultConfigurationName = Release;
		};
		9472671C23ED8C0200564F5B /* Build configuration list for PBXNativeTarget "Project 18 - CollectionCellAnimation" */ = {
			isa = XCConfigurationList;
			buildConfigurations = (
				9472671D23ED8C0200564F5B /* Debug */,
				9472671E23ED8C0200564F5B /* Release */,
			);
			defaultConfigurationIsVisible = 0;
			defaultConfigurationName = Release;
		};
/* End XCConfigurationList section */
	};
	rootObject = 9472670023ED8BFE00564F5B /* Project object */;
}
