// !$*UTF8*$!
{
	archiveVersion = 1;
	classes = {
	};
	objectVersion = 50;
	objects = {

/* Begin PBXBuildFile section */
		9465DA7923EEA0A600D9CDBD /* AppDelegate.swift in Sources */ = {isa = PBXBuildFile; fileRef = 9465DA7823EEA0A600D9CDBD /* AppDelegate.swift */; };
		9465DA7D23EEA0A600D9CDBD /* ViewController.swift in Sources */ = {isa = PBXBuildFile; fileRef = 9465DA7C23EEA0A600D9CDBD /* ViewController.swift */; };
		9465DA8223EEA0A900D9CDBD /* Assets.xcassets in Resources */ = {isa = PBXBuildFile; fileRef = 9465DA8123EEA0A900D9CDBD /* Assets.xcassets */; };
		9465DA8523EEA0A900D9CDBD /* LaunchScreen.storyboard in Resources */ = {isa = PBXBuildFile; fileRef = 9465DA8323EEA0A900D9CDBD /* LaunchScreen.storyboard */; };
		9465DA8D23EEC8F700D9CDBD /* CutstomCell.swift in Sources */ = {isa = PBXBuildFile; fileRef = 9465DA8C23EEC8F700D9CDBD /* CutstomCell.swift */; };
/* End PBXBuildFile section */

/* Begin PBXFileReference section */
		9465DA7523EEA0A600D9CDBD /* Project 19 - SwipeableCell.app */ = {isa = PBXFileReference; explicitFileType = wrapper.application; includeInIndex = 0; path = "Project 19 - SwipeableCell.app"; sourceTree = BUILT_PRODUCTS_DIR; };
		9465DA7823EEA0A600D9CDBD /* AppDelegate.swift */ = {isa = PBXFileReference; lastKnownFileType = sourcecode.swift; path = AppDelegate.swift; sourceTree = "<group>"; };
		9465DA7C23EEA0A600D9CDBD /* ViewController.swift */ = {isa = PBXFileReference; lastKnownFileType = sourcecode.swift; path = ViewController.swift; sourceTree = "<group>"; };
		9465DA8123EEA0A900D9CDBD /* Assets.xcassets */ = {isa = PBXFileReference; lastKnownFileType = folder.assetcatalog; path = Assets.xcassets; sourceTree = "<group>"; };
		9465DA8423EEA0A900D9CDBD /* Base */ = {isa = PBXFileReference; lastKnownFileType = file.storyboard; name = Base; path = Base.lproj/LaunchScreen.storyboard; sourceTree = "<group>"; };
		9465DA8623EEA0A900D9CDBD /* Info.plist */ = {isa = PBXFileReference; lastKnownFileType = text.plist.xml; path = Info.plist; sourceTree = "<group>"; };
		9465DA8C23EEC8F700D9CDBD /* CutstomCell.swift */ = {isa = PBXFileReference; lastKnownFileType = sourcecode.swift; path = CutstomCell.swift; sourceTree = "<group>"; };
/* End PBXFileReference section */

/* Begin PBXFrameworksBuildPhase section */
		9465DA7223EEA0A600D9CDBD /* Frameworks */ = {
			isa = PBXFrameworksBuildPhase;
			buildActionMask = 2147483647;
			files = (
			);
			runOnlyForDeploymentPostprocessing = 0;
		};
/* End PBXFrameworksBuildPhase section */

/* Begin PBXGroup section */
		9465DA6C23EEA0A600D9CDBD = {
			isa = PBXGroup;
			children = (
				9465DA7723EEA0A600D9CDBD /* Project 19 - SwipeableCell */,
				9465DA7623EEA0A600D9CDBD /* Products */,
			);
			sourceTree = "<group>";
		};
		9465DA7623EEA0A600D9CDBD /* Products */ = {
			isa = PBXGroup;
			children = (
				9465DA7523EEA0A600D9CDBD /* Project 19 - SwipeableCell.app */,
			);
			name = Products;
			sourceTree = "<group>";
		};
		9465DA7723EEA0A600D9CDBD /* Project 19 - SwipeableCell */ = {
			isa = PBXGroup;
			children = (
				9465DA7823EEA0A600D9CDBD /* AppDelegate.swift */,
				9465DA7C23EEA0A600D9CDBD /* ViewController.swift */,
				9465DA8C23EEC8F700D9CDBD /* CutstomCell.swift */,
				9465DA8123EEA0A900D9CDBD /* Assets.xcassets */,
				9465DA8323EEA0A900D9CDBD /* LaunchScreen.storyboard */,
				9465DA8623EEA0A900D9CDBD /* Info.plist */,
			);
			path = "Project 19 - SwipeableCell";
			sourceTree = "<group>";
		};
/* End PBXGroup section */

/* Begin PBXNativeTarget section */
		9465DA7423EEA0A600D9CDBD /* Project 19 - SwipeableCell */ = {
			isa = PBXNativeTarget;
			buildConfigurationList = 9465DA8923EEA0A900D9CDBD /* Build configuration list for PBXNativeTarget "Project 19 - SwipeableCell" */;
			buildPhases = (
				9465DA7123EEA0A600D9CDBD /* Sources */,
				9465DA7223EEA0A600D9CDBD /* Frameworks */,
				9465DA7323EEA0A600D9CDBD /* Resources */,
			);
			buildRules = (
			);
			dependencies = (
			);
			name = "Project 19 - SwipeableCell";
			productName = "Project 19 - SwipeableCell";
			productReference = 9465DA7523EEA0A600D9CDBD /* Project 19 - SwipeableCell.app */;
			productType = "com.apple.product-type.application";
		};
/* End PBXNativeTarget section */

/* Begin PBXProject section */
		9465DA6D23EEA0A600D9CDBD /* Project object */ = {
			isa = PBXProject;
			attributes = {
				LastSwiftUpdateCheck = 1130;
				LastUpgradeCheck = 1130;
				ORGANIZATIONNAME = Ryan;
				TargetAttributes = {
					9465DA7423EEA0A600D9CDBD = {
						CreatedOnToolsVersion = 11.3;
					};
				};
			};
			buildConfigurationList = 9465DA7023EEA0A600D9CDBD /* Build configuration list for PBXProject "Project 19 - SwipeableCell" */;
			compatibilityVersion = "Xcode 9.3";
			developmentRegion = en;
			hasScannedForEncodings = 0;
			knownRegions = (
				en,
				Base,
			);
			mainGroup = 9465DA6C23EEA0A600D9CDBD;
			productRefGroup = 9465DA7623EEA0A600D9CDBD /* Products */;
			projectDirPath = "";
			projectRoot = "";
			targets = (
				9465DA7423EEA0A600D9CDBD /* Project 19 - SwipeableCell */,
			);
		};
/* End PBXProject section */

/* Begin PBXResourcesBuildPhase section */
		9465DA7323EEA0A600D9CDBD /* Resources */ = {
			isa = PBXResourcesBuildPhase;
			buildActionMask = 2147483647;
			files = (
				9465DA8523EEA0A900D9CDBD /* LaunchScreen.storyboard in Resources */,
				9465DA8223EEA0A900D9CDBD /* Assets.xcassets in Resources */,
			);
			runOnlyForDeploymentPostprocessing = 0;
		};
/* End PBXResourcesBuildPhase section */

/* Begin PBXSourcesBuildPhase section */
		9465DA7123EEA0A600D9CDBD /* Sources */ = {
			isa = PBXSourcesBuildPhase;
			buildActionMask = 2147483647;
			files = (
				9465DA8D23EEC8F700D9CDBD /* CutstomCell.swift in Sources */,
				9465DA7D23EEA0A600D9CDBD /* ViewController.swift in Sources */,
				9465DA7923EEA0A600D9CDBD /* AppDelegate.swift in Sources */,
			);
			runOnlyForDeploymentPostprocessing = 0;
		};
/* End PBXSourcesBuildPhase section */

/* Begin PBXVariantGroup section */
		9465DA8323EEA0A900D9CDBD /* LaunchScreen.storyboard */ = {
			isa = PBXVariantGroup;
			children = (
				9465DA8423EEA0A900D9CDBD /* Base */,
			);
			name = LaunchScreen.storyboard;
			sourceTree = "<group>";
		};
/* End PBXVariantGroup section */

/* Begin XCBuildConfiguration section */
		9465DA8723EEA0A900D9CDBD /* Debug */ = {
			isa = XCBuildConfiguration;
			buildSettings = {
				ALWAYS_SEARCH_USER_PATHS = NO;
				CLANG_ANALYZER_NONNULL = YES;
				CLANG_ANALYZER_NUMBER_OBJECT_CONVERSION = YES_AGGRESSIVE;
				CLANG_CXX_LANGUAGE_STANDARD = "gnu++14";
				CLANG_CXX_LIBRARY = "libc++";
				CLANG_ENABLE_MODULES = YES;
				CLANG_ENABLE_OBJC_ARC = YES;
				CLANG_ENABLE_OBJC_WEAK = YES;
				CLANG_WARN_BLOCK_CAPTURE_AUTORELEASING = YES;
				CLANG_WARN_BOOL_CONVERSION = YES;
				CLANG_WARN_COMMA = YES;
				CLANG_WARN_CONSTANT_CONVERSION = YES;
				CLANG_WARN_DEPRECATED_OBJC_IMPLEMENTATIONS = YES;
				CLANG_WARN_DIRECT_OBJC_ISA_USAGE = YES_ERROR;
				CLANG_WARN_DOCUMENTATION_COMMENTS = YES;
				CLANG_WARN_EMPTY_BODY = YES;
				CLANG_WARN_ENUM_CONVERSION = YES;
				CLANG_WARN_INFINITE_RECURSION = YES;
				CLANG_WARN_INT_CONVERSION = YES;
				CLANG_WARN_NON_LITERAL_NULL_CONVERSION = YES;
				CLANG_WARN_OBJC_IMPLICIT_RETAIN_SELF = YES;
				CLANG_WARN_OBJC_LITERAL_CONVERSION = YES;
				CLANG_WARN_OBJC_ROOT_CLASS = YES_ERROR;
				CLANG_WARN_RANGE_LOOP_ANALYSIS = YES;
				CLANG_WARN_STRICT_PROTOTYPES = YES;
				CLANG_WARN_SUSPICIOUS_MOVE = YES;
				CLANG_WARN_UNGUARDED_AVAILABILITY = YES_AGGRESSIVE;
				CLANG_WARN_UNREACHABLE_CODE = YES;
				CLANG_WARN__DUPLICATE_METHOD_MATCH = YES;
				COPY_PHASE_STRIP = NO;
				DEBUG_INFORMATION_FORMAT = dwarf;
				ENABLE_STRICT_OBJC_MSGSEND = YES;
				ENABLE_TESTABILITY = YES;
				GCC_C_LANGUAGE_STANDARD = gnu11;
				GCC_DYNAMIC_NO_PIC = NO;
				GCC_NO_COMMON_BLOCKS = YES;
				GCC_OPTIMIZATION_LEVEL = 0;
				GCC_PREPROCESSOR_DEFINITIONS = (
					"DEBUG=1",
					"$(inherited)",
				);
				GCC_WARN_64_TO_32_BIT_CONVERSION = YES;
				GCC_WARN_ABOUT_RETURN_TYPE = YES_ERROR;
				GCC_WARN_UNDECLARED_SELECTOR = YES;
				GCC_WARN_UNINITIALIZED_AUTOS = YES_AGGRESSIVE;
				GCC_WARN_UNUSED_FUNCTION = YES;
				GCC_WARN_UNUSED_VARIABLE = YES;
				IPHONEOS_DEPLOYMENT_TARGET = 13.2;
				MTL_ENABLE_DEBUG_INFO = INCLUDE_SOURCE;
				MTL_FAST_MATH = YES;
				ONLY_ACTIVE_ARCH = YES;
				SDKROOT = iphoneos;
				SWIFT_ACTIVE_COMPILATION_CONDITIONS = DEBUG;
				SWIFT_OPTIMIZATION_LEVEL = "-Onone";
			};
			name = Debug;
		};
		9465DA8823EEA0A900D9CDBD /* Release */ = {
			isa = XCBuildConfiguration;
			buildSettings = {
				ALWAYS_SEARCH_USER_PATHS = NO;
				CLANG_ANALYZER_NONNULL = YES;
				CLANG_ANALYZER_NUMBER_OBJECT_CONVERSION = YES_AGGRESSIVE;
				CLANG_CXX_LANGUAGE_STANDARD = "gnu++14";
				CLANG_CXX_LIBRARY = "libc++";
				CLANG_ENABLE_MODULES = YES;
				CLANG_ENABLE_OBJC_ARC = YES;
				CLANG_ENABLE_OBJC_WEAK = YES;
				CLANG_WARN_BLOCK_CAPTURE_AUTORELEASING = YES;
				CLANG_WARN_BOOL_CONVERSION = YES;
				CLANG_WARN_COMMA = YES;
				CLANG_WARN_CONSTANT_CONVERSION = YES;
				CLANG_WARN_DEPRECATED_OBJC_IMPLEMENTATIONS = YES;
				CLANG_WARN_DIRECT_OBJC_ISA_USAGE = YES_ERROR;
				CLANG_WARN_DOCUMENTATION_COMMENTS = YES;
				CLANG_WARN_EMPTY_BODY = YES;
				CLANG_WARN_ENUM_CONVERSION = YES;
				CLANG_WARN_INFINITE_RECURSION = YES;
				CLANG_WARN_INT_CONVERSION = YES;
				CLANG_WARN_NON_LITERAL_NULL_CONVERSION = YES;
				CLANG_WARN_OBJC_IMPLICIT_RETAIN_SELF = YES;
				CLANG_WARN_OBJC_LITERAL_CONVERSION = YES;
				CLANG_WARN_OBJC_ROOT_CLASS = YES_ERROR;
				CLANG_WARN_RANGE_LOOP_ANALYSIS = YES;
				CLANG_WARN_STRICT_PROTOTYPES = YES;
				CLANG_WARN_SUSPICIOUS_MOVE = YES;
				CLANG_WARN_UNGUARDED_AVAILABILITY = YES_AGGRESSIVE;
				CLANG_WARN_UNREACHABLE_CODE = YES;
				CLANG_WARN__DUPLICATE_METHOD_MATCH = YES;
				COPY_PHASE_STRIP = NO;
				DEBUG_INFORMATION_FORMAT = "dwarf-with-dsym";
				ENABLE_NS_ASSERTIONS = NO;
				ENABLE_STRICT_OBJC_MSGSEND = YES;
				GCC_C_LANGUAGE_STANDARD = gnu11;
				GCC_NO_COMMON_BLOCKS = YES;
				GCC_WARN_64_TO_32_BIT_CONVERSION = YES;
				GCC_WARN_ABOUT_RETURN_TYPE = YES_ERROR;
				GCC_WARN_UNDECLARED_SELECTOR = YES;
				GCC_WARN_UNINITIALIZED_AUTOS = YES_AGGRESSIVE;
				GCC_WARN_UNUSED_FUNCTION = YES;
				GCC_WARN_UNUSED_VARIABLE = YES;
				IPHONEOS_DEPLOYMENT_TARGET = 13.2;
				MTL_ENABLE_DEBUG_INFO = NO;
				MTL_FAST_MATH = YES;
				SDKROOT = iphoneos;
				SWIFT_COMPILATION_MODE = wholemodule;
				SWIFT_OPTIMIZATION_LEVEL = "-O";
				VALIDATE_PRODUCT = YES;
			};
			name = Release;
		};
		9465DA8A23EEA0A900D9CDBD /* Debug */ = {
			isa = XCBuildConfiguration;
			buildSettings = {
				ASSETCATALOG_COMPILER_APPICON_NAME = AppIcon;
				CODE_SIGN_STYLE = Automatic;
				DEVELOPMENT_TEAM = 3637HX3BF8;
				INFOPLIST_FILE = "Project 19 - SwipeableCell/Info.plist";
				LD_RUNPATH_SEARCH_PATHS = (
					"$(inherited)",
					"@executable_path/Frameworks",
				);
				PRODUCT_BUNDLE_IDENTIFIER = "Ryan.com.Project-19---SwipeableCell";
				PRODUCT_NAME = "$(TARGET_NAME)";
				SWIFT_VERSION = 5.0;
				TARGETED_DEVICE_FAMILY = "1,2";
			};
			name = Debug;
		};
		9465DA8B23EEA0A900D9CDBD /* Release */ = {
			isa = XCBuildConfiguration;
			buildSettings = {
				ASSETCATALOG_COMPILER_APPICON_NAME = AppIcon;
				CODE_SIGN_STYLE = Automatic;
				DEVELOPMENT_TEAM = 3637HX3BF8;
				INFOPLIST_FILE = "Project 19 - SwipeableCell/Info.plist";
				LD_RUNPATH_SEARCH_PATHS = (
					"$(inherited)",
					"@executable_path/Frameworks",
				);
				PRODUCT_BUNDLE_IDENTIFIER = "Ryan.com.Project-19---SwipeableCell";
				PRODUCT_NAME = "$(TARGET_NAME)";
				SWIFT_VERSION = 5.0;
				TARGETED_DEVICE_FAMILY = "1,2";
			};
			name = Release;
		};
/* End XCBuildConfiguration section */

/* Begin XCConfigurationList section */
		9465DA7023EEA0A600D9CDBD /* Build configuration list for PBXProject "Project 19 - SwipeableCell" */ = {
			isa = XCConfigurationList;
			buildConfigurations = (
				9465DA8723EEA0A900D9CDBD /* Debug */,
				9465DA8823EEA0A900D9CDBD /* Release */,
			);
			defaultConfigurationIsVisible = 0;
			defaultConfigurationName = Release;
		};
		9465DA8923EEA0A900D9CDBD /* Build configuration list for PBXNativeTarget "Project 19 - SwipeableCell" */ = {
			isa = XCConfigurationList;
			buildConfigurations = (
				9465DA8A23EEA0A900D9CDBD /* Debug */,
				9465DA8B23EEA0A900D9CDBD /* Release */,
			);
			defaultConfigurationIsVisible = 0;
			defaultConfigurationName = Release;
		};
/* End XCConfigurationList section */
	};
	rootObject = 9465DA6D23EEA0A600D9CDBD /* Project object */;
}
